// !$*UTF8*$!
{
	archiveVersion = 1;
	classes = {
	};
	objectVersion = 48;
	objects = {

/* Begin PBXBuildFile section */
		067B64CE2039A1AA00B5140A /* AppDelegate.swift in Sources */ = {isa = PBXBuildFile; fileRef = 067B64CD2039A1AA00B5140A /* AppDelegate.swift */; };
		067B64D02039A1AA00B5140A /* MainListViewController.swift in Sources */ = {isa = PBXBuildFile; fileRef = 067B64CF2039A1AA00B5140A /* MainListViewController.swift */; };
		067B64D32039A1AA00B5140A /* Main.storyboard in Resources */ = {isa = PBXBuildFile; fileRef = 067B64D12039A1AA00B5140A /* Main.storyboard */; };
		067B64D52039A1AA00B5140A /* Assets.xcassets in Resources */ = {isa = PBXBuildFile; fileRef = 067B64D42039A1AA00B5140A /* Assets.xcassets */; };
		067B64D82039A1AA00B5140A /* LaunchScreen.storyboard in Resources */ = {isa = PBXBuildFile; fileRef = 067B64D62039A1AA00B5140A /* LaunchScreen.storyboard */; };
		067B64E82039CA6800B5140A /* UIView+Constraints.swift in Sources */ = {isa = PBXBuildFile; fileRef = 067B64E72039CA6800B5140A /* UIView+Constraints.swift */; };
/* End PBXBuildFile section */

/* Begin PBXFileReference section */
		067B64CA2039A1AA00B5140A /* SearchGitHubUsers.app */ = {isa = PBXFileReference; explicitFileType = wrapper.application; includeInIndex = 0; path = SearchGitHubUsers.app; sourceTree = BUILT_PRODUCTS_DIR; };
		067B64CD2039A1AA00B5140A /* AppDelegate.swift */ = {isa = PBXFileReference; lastKnownFileType = sourcecode.swift; path = AppDelegate.swift; sourceTree = "<group>"; };
		067B64CF2039A1AA00B5140A /* MainListViewController.swift */ = {isa = PBXFileReference; lastKnownFileType = sourcecode.swift; path = MainListViewController.swift; sourceTree = "<group>"; };
		067B64D22039A1AA00B5140A /* Base */ = {isa = PBXFileReference; lastKnownFileType = file.storyboard; name = Base; path = Base.lproj/Main.storyboard; sourceTree = "<group>"; };
		067B64D42039A1AA00B5140A /* Assets.xcassets */ = {isa = PBXFileReference; lastKnownFileType = folder.assetcatalog; path = Assets.xcassets; sourceTree = "<group>"; };
		067B64D72039A1AA00B5140A /* Base */ = {isa = PBXFileReference; lastKnownFileType = file.storyboard; name = Base; path = Base.lproj/LaunchScreen.storyboard; sourceTree = "<group>"; };
		067B64D92039A1AA00B5140A /* Info.plist */ = {isa = PBXFileReference; lastKnownFileType = text.plist.xml; path = Info.plist; sourceTree = "<group>"; };
		067B64E72039CA6800B5140A /* UIView+Constraints.swift */ = {isa = PBXFileReference; lastKnownFileType = sourcecode.swift; path = "UIView+Constraints.swift"; sourceTree = "<group>"; };
/* End PBXFileReference section */

/* Begin PBXFrameworksBuildPhase section */
		067B64C72039A1AA00B5140A /* Frameworks */ = {
			isa = PBXFrameworksBuildPhase;
			buildActionMask = 2147483647;
			files = (
			);
			runOnlyForDeploymentPostprocessing = 0;
		};
/* End PBXFrameworksBuildPhase section */

/* Begin PBXGroup section */
		067B64C12039A1AA00B5140A = {
			isa = PBXGroup;
			children = (
				067B64CC2039A1AA00B5140A /* SearchGitHubUsers */,
				067B64CB2039A1AA00B5140A /* Products */,
			);
			sourceTree = "<group>";
		};
		067B64CB2039A1AA00B5140A /* Products */ = {
			isa = PBXGroup;
			children = (
				067B64CA2039A1AA00B5140A /* SearchGitHubUsers.app */,
			);
			name = Products;
			sourceTree = "<group>";
		};
		067B64CC2039A1AA00B5140A /* SearchGitHubUsers */ = {
			isa = PBXGroup;
			children = (
				067B64E42039C98600B5140A /* Helpers */,
				067B64E22039C8BC00B5140A /* Services */,
				067B64E12039C89F00B5140A /* ViewControllers */,
				067B64E02039C89400B5140A /* ViewModels */,
				067B64DF2039C87300B5140A /* Models */,
				067B64CD2039A1AA00B5140A /* AppDelegate.swift */,
				067B64D12039A1AA00B5140A /* Main.storyboard */,
				067B64D42039A1AA00B5140A /* Assets.xcassets */,
				067B64D62039A1AA00B5140A /* LaunchScreen.storyboard */,
				067B64D92039A1AA00B5140A /* Info.plist */,
			);
			path = SearchGitHubUsers;
			sourceTree = "<group>";
		};
		067B64DF2039C87300B5140A /* Models */ = {
			isa = PBXGroup;
			children = (
			);
			path = Models;
			sourceTree = "<group>";
		};
		067B64E02039C89400B5140A /* ViewModels */ = {
			isa = PBXGroup;
			children = (
			);
			path = ViewModels;
			sourceTree = "<group>";
		};
		067B64E12039C89F00B5140A /* ViewControllers */ = {
			isa = PBXGroup;
			children = (
				067B64CF2039A1AA00B5140A /* MainListViewController.swift */,
			);
			path = ViewControllers;
			sourceTree = "<group>";
		};
		067B64E22039C8BC00B5140A /* Services */ = {
			isa = PBXGroup;
			children = (
				067B64E32039C8C900B5140A /* Networking */,
			);
			path = Services;
			sourceTree = "<group>";
		};
		067B64E32039C8C900B5140A /* Networking */ = {
			isa = PBXGroup;
			children = (
			);
			path = Networking;
			sourceTree = "<group>";
		};
		067B64E42039C98600B5140A /* Helpers */ = {
			isa = PBXGroup;
			children = (
				067B64E62039C9A500B5140A /* Constants */,
				067B64E52039C99200B5140A /* Extensions */,
			);
			path = Helpers;
			sourceTree = "<group>";
		};
		067B64E52039C99200B5140A /* Extensions */ = {
			isa = PBXGroup;
			children = (
				067B64E72039CA6800B5140A /* UIView+Constraints.swift */,
			);
			path = Extensions;
			sourceTree = "<group>";
		};
		067B64E62039C9A500B5140A /* Constants */ = {
			isa = PBXGroup;
			children = (
			);
			path = Constants;
			sourceTree = "<group>";
		};
/* End PBXGroup section */

/* Begin PBXNativeTarget section */
		067B64C92039A1AA00B5140A /* SearchGitHubUsers */ = {
			isa = PBXNativeTarget;
			buildConfigurationList = 067B64DC2039A1AA00B5140A /* Build configuration list for PBXNativeTarget "SearchGitHubUsers" */;
			buildPhases = (
				067B64C62039A1AA00B5140A /* Sources */,
				067B64C72039A1AA00B5140A /* Frameworks */,
				067B64C82039A1AA00B5140A /* Resources */,
			);
			buildRules = (
			);
			dependencies = (
			);
			name = SearchGitHubUsers;
			productName = SearchGitHubUsers;
			productReference = 067B64CA2039A1AA00B5140A /* SearchGitHubUsers.app */;
			productType = "com.apple.product-type.application";
		};
/* End PBXNativeTarget section */

/* Begin PBXProject section */
		067B64C22039A1AA00B5140A /* Project object */ = {
			isa = PBXProject;
			attributes = {
				LastSwiftUpdateCheck = 0920;
				LastUpgradeCheck = 0920;
				ORGANIZATIONNAME = Katerina;
				TargetAttributes = {
					067B64C92039A1AA00B5140A = {
						CreatedOnToolsVersion = 9.2;
						ProvisioningStyle = Automatic;
					};
				};
			};
			buildConfigurationList = 067B64C52039A1AA00B5140A /* Build configuration list for PBXProject "SearchGitHubUsers" */;
			compatibilityVersion = "Xcode 8.0";
			developmentRegion = en;
			hasScannedForEncodings = 0;
			knownRegions = (
				en,
				Base,
			);
			mainGroup = 067B64C12039A1AA00B5140A;
			productRefGroup = 067B64CB2039A1AA00B5140A /* Products */;
			projectDirPath = "";
			projectRoot = "";
			targets = (
				067B64C92039A1AA00B5140A /* SearchGitHubUsers */,
			);
		};
/* End PBXProject section */

/* Begin PBXResourcesBuildPhase section */
		067B64C82039A1AA00B5140A /* Resources */ = {
			isa = PBXResourcesBuildPhase;
			buildActionMask = 2147483647;
			files = (
				067B64D82039A1AA00B5140A /* LaunchScreen.storyboard in Resources */,
				067B64D52039A1AA00B5140A /* Assets.xcassets in Resources */,
				067B64D32039A1AA00B5140A /* Main.storyboard in Resources */,
			);
			runOnlyForDeploymentPostprocessing = 0;
		};
/* End PBXResourcesBuildPhase section */

/* Begin PBXSourcesBuildPhase section */
		067B64C62039A1AA00B5140A /* Sources */ = {
			isa = PBXSourcesBuildPhase;
			buildActionMask = 2147483647;
			files = (
				067B64E82039CA6800B5140A /* UIView+Constraints.swift in Sources */,
				067B64D02039A1AA00B5140A /* MainListViewController.swift in Sources */,
				067B64CE2039A1AA00B5140A /* AppDelegate.swift in Sources */,
			);
			runOnlyForDeploymentPostprocessing = 0;
		};
/* End PBXSourcesBuildPhase section */

/* Begin PBXVariantGroup section */
		067B64D12039A1AA00B5140A /* Main.storyboard */ = {
			isa = PBXVariantGroup;
			children = (
				067B64D22039A1AA00B5140A /* Base */,
			);
			name = Main.storyboard;
			sourceTree = "<group>";
		};
		067B64D62039A1AA00B5140A /* LaunchScreen.storyboard */ = {
			isa = PBXVariantGroup;
			children = (
				067B64D72039A1AA00B5140A /* Base */,
			);
			name = LaunchScreen.storyboard;
			sourceTree = "<group>";
		};
/* End PBXVariantGroup section */

/* Begin XCBuildConfiguration section */
		067B64DA2039A1AA00B5140A /* Debug */ = {
			isa = XCBuildConfiguration;
			buildSettings = {
				ALWAYS_SEARCH_USER_PATHS = NO;
				CLANG_ANALYZER_NONNULL = YES;
				CLANG_ANALYZER_NUMBER_OBJECT_CONVERSION = YES_AGGRESSIVE;
				CLANG_CXX_LANGUAGE_STANDARD = "gnu++14";
				CLANG_CXX_LIBRARY = "libc++";
				CLANG_ENABLE_MODULES = YES;
				CLANG_ENABLE_OBJC_ARC = YES;
				CLANG_WARN_BLOCK_CAPTURE_AUTORELEASING = YES;
				CLANG_WARN_BOOL_CONVERSION = YES;
				CLANG_WARN_COMMA = YES;
				CLANG_WARN_CONSTANT_CONVERSION = YES;
				CLANG_WARN_DIRECT_OBJC_ISA_USAGE = YES_ERROR;
				CLANG_WARN_DOCUMENTATION_COMMENTS = YES;
				CLANG_WARN_EMPTY_BODY = YES;
				CLANG_WARN_ENUM_CONVERSION = YES;
				CLANG_WARN_INFINITE_RECURSION = YES;
				CLANG_WARN_INT_CONVERSION = YES;
				CLANG_WARN_NON_LITERAL_NULL_CONVERSION = YES;
				CLANG_WARN_OBJC_LITERAL_CONVERSION = YES;
				CLANG_WARN_OBJC_ROOT_CLASS = YES_ERROR;
				CLANG_WARN_RANGE_LOOP_ANALYSIS = YES;
				CLANG_WARN_STRICT_PROTOTYPES = YES;
				CLANG_WARN_SUSPICIOUS_MOVE = YES;
				CLANG_WARN_UNGUARDED_AVAILABILITY = YES_AGGRESSIVE;
				CLANG_WARN_UNREACHABLE_CODE = YES;
				CLANG_WARN__DUPLICATE_METHOD_MATCH = YES;
				CODE_SIGN_IDENTITY = "iPhone Developer";
				COPY_PHASE_STRIP = NO;
				DEBUG_INFORMATION_FORMAT = dwarf;
				ENABLE_STRICT_OBJC_MSGSEND = YES;
				ENABLE_TESTABILITY = YES;
				GCC_C_LANGUAGE_STANDARD = gnu11;
				GCC_DYNAMIC_NO_PIC = NO;
				GCC_NO_COMMON_BLOCKS = YES;
				GCC_OPTIMIZATION_LEVEL = 0;
				GCC_PREPROCESSOR_DEFINITIONS = (
					"DEBUG=1",
					"$(inherited)",
				);
				GCC_WARN_64_TO_32_BIT_CONVERSION = YES;
				GCC_WARN_ABOUT_RETURN_TYPE = YES_ERROR;
				GCC_WARN_UNDECLARED_SELECTOR = YES;
				GCC_WARN_UNINITIALIZED_AUTOS = YES_AGGRESSIVE;
				GCC_WARN_UNUSED_FUNCTION = YES;
				GCC_WARN_UNUSED_VARIABLE = YES;
				IPHONEOS_DEPLOYMENT_TARGET = 11.2;
				MTL_ENABLE_DEBUG_INFO = YES;
				ONLY_ACTIVE_ARCH = YES;
				SDKROOT = iphoneos;
				SWIFT_ACTIVE_COMPILATION_CONDITIONS = DEBUG;
				SWIFT_OPTIMIZATION_LEVEL = "-Onone";
			};
			name = Debug;
		};
		067B64DB2039A1AA00B5140A /* Release */ = {
			isa = XCBuildConfiguration;
			buildSettings = {
				ALWAYS_SEARCH_USER_PATHS = NO;
				CLANG_ANALYZER_NONNULL = YES;
				CLANG_ANALYZER_NUMBER_OBJECT_CONVERSION = YES_AGGRESSIVE;
				CLANG_CXX_LANGUAGE_STANDARD = "gnu++14";
				CLANG_CXX_LIBRARY = "libc++";
				CLANG_ENABLE_MODULES = YES;
				CLANG_ENABLE_OBJC_ARC = YES;
				CLANG_WARN_BLOCK_CAPTURE_AUTORELEASING = YES;
				CLANG_WARN_BOOL_CONVERSION = YES;
				CLANG_WARN_COMMA = YES;
				CLANG_WARN_CONSTANT_CONVERSION = YES;
				CLANG_WARN_DIRECT_OBJC_ISA_USAGE = YES_ERROR;
				CLANG_WARN_DOCUMENTATION_COMMENTS = YES;
				CLANG_WARN_EMPTY_BODY = YES;
				CLANG_WARN_ENUM_CONVERSION = YES;
				CLANG_WARN_INFINITE_RECURSION = YES;
				CLANG_WARN_INT_CONVERSION = YES;
				CLANG_WARN_NON_LITERAL_NULL_CONVERSION = YES;
				CLANG_WARN_OBJC_LITERAL_CONVERSION = YES;
				CLANG_WARN_OBJC_ROOT_CLASS = YES_ERROR;
				CLANG_WARN_RANGE_LOOP_ANALYSIS = YES;
				CLANG_WARN_STRICT_PROTOTYPES = YES;
				CLANG_WARN_SUSPICIOUS_MOVE = YES;
				CLANG_WARN_UNGUARDED_AVAILABILITY = YES_AGGRESSIVE;
				CLANG_WARN_UNREACHABLE_CODE = YES;
				CLANG_WARN__DUPLICATE_METHOD_MATCH = YES;
				CODE_SIGN_IDENTITY = "iPhone Developer";
				COPY_PHASE_STRIP = NO;
				DEBUG_INFORMATION_FORMAT = "dwarf-with-dsym";
				ENABLE_NS_ASSERTIONS = NO;
				ENABLE_STRICT_OBJC_MSGSEND = YES;
				GCC_C_LANGUAGE_STANDARD = gnu11;
				GCC_NO_COMMON_BLOCKS = YES;
				GCC_WARN_64_TO_32_BIT_CONVERSION = YES;
				GCC_WARN_ABOUT_RETURN_TYPE = YES_ERROR;
				GCC_WARN_UNDECLARED_SELECTOR = YES;
				GCC_WARN_UNINITIALIZED_AUTOS = YES_AGGRESSIVE;
				GCC_WARN_UNUSED_FUNCTION = YES;
				GCC_WARN_UNUSED_VARIABLE = YES;
				IPHONEOS_DEPLOYMENT_TARGET = 11.2;
				MTL_ENABLE_DEBUG_INFO = NO;
				SDKROOT = iphoneos;
				SWIFT_OPTIMIZATION_LEVEL = "-Owholemodule";
				VALIDATE_PRODUCT = YES;
			};
			name = Release;
		};
		067B64DD2039A1AA00B5140A /* Debug */ = {
			isa = XCBuildConfiguration;
			buildSettings = {
				ASSETCATALOG_COMPILER_APPICON_NAME = AppIcon;
				CODE_SIGN_STYLE = Automatic;
				DEVELOPMENT_TEAM = 9VD9T9R724;
				INFOPLIST_FILE = SearchGitHubUsers/Info.plist;
				LD_RUNPATH_SEARCH_PATHS = "$(inherited) @executable_path/Frameworks";
				PRODUCT_BUNDLE_IDENTIFIER = ua.katerinanikolaenko.SearchGitHubUsers;
				PRODUCT_NAME = "$(TARGET_NAME)";
				SWIFT_VERSION = 4.0;
				TARGETED_DEVICE_FAMILY = "1,2";
			};
			name = Debug;
		};
		067B64DE2039A1AA00B5140A /* Release */ = {
			isa = XCBuildConfiguration;
			buildSettings = {
				ASSETCATALOG_COMPILER_APPICON_NAME = AppIcon;
				CODE_SIGN_STYLE = Automatic;
				DEVELOPMENT_TEAM = 9VD9T9R724;
				INFOPLIST_FILE = SearchGitHubUsers/Info.plist;
				LD_RUNPATH_SEARCH_PATHS = "$(inherited) @executable_path/Frameworks";
				PRODUCT_BUNDLE_IDENTIFIER = ua.katerinanikolaenko.SearchGitHubUsers;
				PRODUCT_NAME = "$(TARGET_NAME)";
				SWIFT_VERSION = 4.0;
				TARGETED_DEVICE_FAMILY = "1,2";
			};
			name = Release;
		};
/* End XCBuildConfiguration section */

/* Begin XCConfigurationList section */
		067B64C52039A1AA00B5140A /* Build configuration list for PBXProject "SearchGitHubUsers" */ = {
			isa = XCConfigurationList;
			buildConfigurations = (
				067B64DA2039A1AA00B5140A /* Debug */,
				067B64DB2039A1AA00B5140A /* Release */,
			);
			defaultConfigurationIsVisible = 0;
			defaultConfigurationName = Release;
		};
		067B64DC2039A1AA00B5140A /* Build configuration list for PBXNativeTarget "SearchGitHubUsers" */ = {
			isa = XCConfigurationList;
			buildConfigurations = (
				067B64DD2039A1AA00B5140A /* Debug */,
				067B64DE2039A1AA00B5140A /* Release */,
			);
			defaultConfigurationIsVisible = 0;
			defaultConfigurationName = Release;
		};
/* End XCConfigurationList section */
	};
	rootObject = 067B64C22039A1AA00B5140A /* Project object */;
}
